
Microsoft Visual Studio Solution File, Format Version 12.00
# Visual Studio Version 17
VisualStudioVersion = 17.13.35828.75 d17.13
MinimumVisualStudioVersion = 10.0.40219.1
Project("{FAE04EC0-301F-11D3-BF4B-00C04F79EFBC}") = "Перегрузка C#", "Перегрузка C#\Перегрузка C#.csproj", "{9A527139-07F5-4652-A6D2-2C7CC28C626D}"
EndProject
Global
	GlobalSection(SolutionConfigurationPlatforms) = preSolution
		Debug|Any CPU = Debug|Any CPU
		Release|Any CPU = Release|Any CPU
	EndGlobalSection
	GlobalSection(ProjectConfigurationPlatforms) = postSolution
		{9A527139-07F5-4652-A6D2-2C7CC28C626D}.Debug|Any CPU.ActiveCfg = Debug|Any CPU
		{9A527139-07F5-4652-A6D2-2C7CC28C626D}.Debug|Any CPU.Build.0 = Debug|Any CPU
		{9A527139-07F5-4652-A6D2-2C7CC28C626D}.Release|Any CPU.ActiveCfg = Release|Any CPU
		{9A527139-07F5-4652-A6D2-2C7CC28C626D}.Release|Any CPU.Build.0 = Release|Any CPU
	EndGlobalSection
	GlobalSection(SolutionProperties) = preSolution
		HideSolutionNode = FALSE
	EndGlobalSection
	GlobalSection(ExtensibilityGlobals) = postSolution
		SolutionGuid = {9B0AF095-B0E0-468C-BDF1-022CD06F6D03}
	EndGlobalSection
EndGlobal
